<?xml version="1.0" encoding="utf-8"?>
<Project ToolsVersion="4.0" xmlns="http://schemas.microsoft.com/developer/msbuild/2003">
  <ItemGroup>
    <Filter Include="Source Files">
      <UniqueIdentifier>{4FC737F1-C7A5-4376-A066-2A32D752A2FF}</UniqueIdentifier>
      <Extensions>cpp;c;cc;cxx;def;odl;idl;hpj;bat;asm;asmx</Extensions>
    </Filter>
    <Filter Include="Header Files">
      <UniqueIdentifier>{93995380-89BD-4b04-88EB-625FBE52EBFB}</UniqueIdentifier>
      <Extensions>h;hh;hpp;hxx;hm;inl;inc;xsd</Extensions>
    </Filter>
    <Filter Include="Resource Files">
      <UniqueIdentifier>{67DA6AB6-F800-4c08-8B7A-83BB121AAD01}</UniqueIdentifier>
      <Extensions>rc;ico;cur;bmp;dlg;rc2;rct;bin;rgs;gif;jpg;jpeg;jpe;resx;tiff;tif;png;wav;mfcribbon-ms</Extensions>
    </Filter>
    <Filter Include="Source Files\utils">
      <UniqueIdentifier>{681307d8-3377-48f1-9cf1-57b7bb825ad5}</UniqueIdentifier>
    </Filter>
    <Filter Include="Header Files\utils">
      <UniqueIdentifier>{e0f17e68-1cf4-4835-8568-776e655b5b65}</UniqueIdentifier>
    </Filter>
    <Filter Include="Header Files\io">
      <UniqueIdentifier>{940d056d-c2bb-4c6d-ae69-06404ddfcae9}</UniqueIdentifier>
    </Filter>
    <Filter Include="Source Files\io">
      <UniqueIdentifier>{e4b56eb7-ae99-4999-84c0-e341a38f0052}</UniqueIdentifier>
    </Filter>
    <Filter Include="Header Files\ann">
      <UniqueIdentifier>{2d2aa86f-0215-4a0e-a3b1-033d0f717d3d}</UniqueIdentifier>
    </Filter>
    <Filter Include="Source Files\ann">
      <UniqueIdentifier>{3ea562a7-6e4d-41af-8b8e-252e3f215436}</UniqueIdentifier>
    </Filter>
    <Filter Include="Header Files\ann\cl">
      <UniqueIdentifier>{3cbcdb10-af2f-4fec-ab34-c787a73c9634}</UniqueIdentifier>
    </Filter>
    <Filter Include="Source Files\ann\cl">
      <UniqueIdentifier>{3260b37d-ceff-4a9e-aeb4-37764b79db5b}</UniqueIdentifier>
    </Filter>
  </ItemGroup>
  <ItemGroup>
    <ClCompile Include="..\..\src\main.cpp">
      <Filter>Source Files</Filter>
    </ClCompile>
    <ClCompile Include="..\..\src\utils\cmdline.cpp">
      <Filter>Source Files\utils</Filter>
    </ClCompile>
    <ClCompile Include="..\..\src\utils\log.cpp">
      <Filter>Source Files\utils</Filter>
    </ClCompile>
    <ClCompile Include="..\..\src\ImageOperations.cpp">
      <Filter>Source Files</Filter>
    </ClCompile>
    <ClCompile Include="..\..\src\io\dir.cpp">
      <Filter>Source Files\io</Filter>
    </ClCompile>
    <ClCompile Include="..\..\src\cmdopt.cpp">
      <Filter>Source Files</Filter>
    </ClCompile>
    <ClCompile Include="..\..\src\debug.cpp">
      <Filter>Source Files</Filter>
    </ClCompile>
    <ClCompile Include="..\..\src\ann\simple_ann.cpp">
      <Filter>Source Files\ann</Filter>
    </ClCompile>
    <ClCompile Include="..\..\src\ann\cl\ocldevice.cpp">
      <Filter>Source Files\ann\cl</Filter>
    </ClCompile>
    <ClCompile Include="..\..\src\ann\cl\oclkernel.cpp">
      <Filter>Source Files\ann\cl</Filter>
    </ClCompile>
    <ClCompile Include="..\..\src\ann\cl\oclplatform.cpp">
      <Filter>Source Files\ann\cl</Filter>
    </ClCompile>
    <ClCompile Include="..\..\src\ann\cl\som.cpp">
      <Filter>Source Files\ann\cl</Filter>
    </ClCompile>
    <ClCompile Include="..\..\src\ann\cl\oclmgr.cpp">
      <Filter>Source Files\ann\cl</Filter>
    </ClCompile>
    <ClCompile Include="..\..\src\ann\cl\oclcontext.cpp">
      <Filter>Source Files\ann\cl</Filter>
    </ClCompile>
    <ClCompile Include="..\..\src\ann\fann_irprop_logical.cpp">
      <Filter>Source Files</Filter>
    </ClCompile>
    <ClCompile Include="..\..\src\ann\ann.cpp">
      <Filter>Source Files</Filter>
    </ClCompile>
    <ClCompile Include="..\..\src\annlearn.cpp">
      <Filter>Source Files</Filter>
    </ClCompile>
  </ItemGroup>
  <ItemGroup>
    <ClInclude Include="..\..\src\utils\cmdline.h">
      <Filter>Header Files\utils</Filter>
    </ClInclude>
    <ClInclude Include="..\..\src\utils\log.h">
      <Filter>Header Files\utils</Filter>
    </ClInclude>
    <ClInclude Include="..\..\src\utils\nlqueue.h">
      <Filter>Header Files\utils</Filter>
    </ClInclude>
    <ClInclude Include="..\..\src\utils\singleton.h">
      <Filter>Header Files\utils</Filter>
    </ClInclude>
    <ClInclude Include="..\..\src\utils\stringlist.h">
      <Filter>Header Files\utils</Filter>
    </ClInclude>
    <ClInclude Include="..\..\src\utils\strutils.h">
      <Filter>Header Files\utils</Filter>
    </ClInclude>
    <ClInclude Include="..\..\src\io\dir.h">
      <Filter>Header Files\io</Filter>
    </ClInclude>
    <ClInclude Include="..\..\src\utils\flag.h">
      <Filter>Header Files\utils</Filter>
    </ClInclude>
    <ClInclude Include="..\..\src\ImageOperations.h">
      <Filter>Header Files</Filter>
    </ClInclude>
    <ClInclude Include="..\..\src\cmdopt.h">
      <Filter>Header Files</Filter>
    </ClInclude>
    <ClInclude Include="..\..\src\ann\simple_ann.h">
      <Filter>Header Files\ann</Filter>
    </ClInclude>
    <ClInclude Include="..\..\src\typedefs.h">
      <Filter>Header Files</Filter>
    </ClInclude>
    <ClInclude Include="..\..\src\ann\cl\som.h">
      <Filter>Header Files\ann\cl</Filter>
    </ClInclude>
    <ClInclude Include="..\..\src\ann\cl\ocldevice.h">
      <Filter>Header Files\ann\cl</Filter>
    </ClInclude>
    <ClInclude Include="..\..\src\ann\cl\oclkernel.h">
      <Filter>Header Files\ann\cl</Filter>
    </ClInclude>
    <ClInclude Include="..\..\src\ann\cl\oclplatform.h">
      <Filter>Header Files\ann\cl</Filter>
    </ClInclude>
    <ClInclude Include="..\..\src\ann\cl\oclmgr.h">
      <Filter>Header Files\ann\cl</Filter>
    </ClInclude>
    <ClInclude Include="..\..\src\utils\optional.h">
      <Filter>Header Files\utils</Filter>
    </ClInclude>
    <ClInclude Include="..\..\src\ann\cl\oclcontext.h">
      <Filter>Header Files\ann\cl</Filter>
    </ClInclude>
    <ClInclude Include="..\..\src\annlearn.h">
      <Filter>Header Files</Filter>
    </ClInclude>
  </ItemGroup>
  <ItemGroup>
    <None Include="..\..\src\ann\cl\som.cl">
      <Filter>Source Files\ann\cl</Filter>
    </None>
    <None Include="..\..\src\ann\cl\ffann_irpropp_logicf.cl">
      <Filter>Source Files\ann\cl</Filter>
    </None>
  </ItemGroup>
</Project>